
Microsoft Visual Studio Solution File, Format Version 12.00
# Visual Studio Version 16
VisualStudioVersion = 16.0.31624.102
MinimumVisualStudioVersion = 10.0.40219.1
Project("{FAE04EC0-301F-11D3-BF4B-00C04F79EFBC}") = "StyleProjectApp", "StyleProjectApp\StyleProjectApp.csproj", "{FB4F9689-ABCD-4D62-A2FB-A0700EBE6EAB}"
EndProject
Global
	GlobalSection(SolutionConfigurationPlatforms) = preSolution
		Debug|Any CPU = Debug|Any CPU
		Release|Any CPU = Release|Any CPU
	EndGlobalSection
	GlobalSection(ProjectConfigurationPlatforms) = postSolution
		{FB4F9689-ABCD-4D62-A2FB-A0700EBE6EAB}.Debug|Any CPU.ActiveCfg = Debug|Any CPU
		{FB4F9689-ABCD-4D62-A2FB-A0700EBE6EAB}.Debug|Any CPU.Build.0 = Debug|Any CPU
		{FB4F9689-ABCD-4D62-A2FB-A0700EBE6EAB}.Release|Any CPU.ActiveCfg = Release|Any CPU
		{FB4F9689-ABCD-4D62-A2FB-A0700EBE6EAB}.Release|Any CPU.Build.0 = Release|Any CPU
	EndGlobalSection
	GlobalSection(SolutionProperties) = preSolution
		HideSolutionNode = FALSE
	EndGlobalSection
	GlobalSection(ExtensibilityGlobals) = postSolution
		SolutionGuid = {11ED1BE9-CB76-4C08-AF00-6D7BD53C64CA}
	EndGlobalSection
EndGlobal
